
Microsoft Visual Studio Solution File, Format Version 12.00
# Visual Studio Version 17
VisualStudioVersion = 17.3.32922.545
MinimumVisualStudioVersion = 10.0.40219.1
Project("{FAE04EC0-301F-11D3-BF4B-00C04F79EFBC}") = "YoMi_Frontend", "YoMi_Frontend\YoMi_Frontend.csproj", "{6DDBF2B6-09D7-455C-9F38-7B4BBFC8FB31}"
EndProject
Project("{FAE04EC0-301F-11D3-BF4B-00C04F79EFBC}") = "YoMi_Admin.Library", "..\YoMi_Admin\YoMi_Admin.Library\YoMi_Admin.Library.csproj", "{92B0AF53-99BF-5EC6-1C28-36F63E2FC727}"
EndProject
Global
	GlobalSection(SolutionConfigurationPlatforms) = preSolution
		Debug|Any CPU = Debug|Any CPU
		Release|Any CPU = Release|Any CPU
	EndGlobalSection
	GlobalSection(ProjectConfigurationPlatforms) = postSolution
		{6DDBF2B6-09D7-455C-9F38-7B4BBFC8FB31}.Debug|Any CPU.ActiveCfg = Debug|Any CPU
		{6DDBF2B6-09D7-455C-9F38-7B4BBFC8FB31}.Debug|Any CPU.Build.0 = Debug|Any CPU
		{6DDBF2B6-09D7-455C-9F38-7B4BBFC8FB31}.Release|Any CPU.ActiveCfg = Release|Any CPU
		{6DDBF2B6-09D7-455C-9F38-7B4BBFC8FB31}.Release|Any CPU.Build.0 = Release|Any CPU
		{92B0AF53-99BF-5EC6-1C28-36F63E2FC727}.Debug|Any CPU.ActiveCfg = Debug|Any CPU
		{92B0AF53-99BF-5EC6-1C28-36F63E2FC727}.Debug|Any CPU.Build.0 = Debug|Any CPU
		{92B0AF53-99BF-5EC6-1C28-36F63E2FC727}.Release|Any CPU.ActiveCfg = Release|Any CPU
		{92B0AF53-99BF-5EC6-1C28-36F63E2FC727}.Release|Any CPU.Build.0 = Release|Any CPU
	EndGlobalSection
	GlobalSection(SolutionProperties) = preSolution
		HideSolutionNode = FALSE
	EndGlobalSection
	GlobalSection(ExtensibilityGlobals) = postSolution
		SolutionGuid = {EC5213AA-7BD3-47CD-B8DF-C9C7F227ABDE}
	EndGlobalSection
EndGlobal
